// !$*UTF8*$!
{
	archiveVersion = 1;
	classes = {
	};
	objectVersion = 48;
	objects = {

/* Begin PBXBuildFile section */
		02797976208FD32A00DFCBEB /* example.scnassets in Resources */ = {isa = PBXBuildFile; fileRef = 02797975208FD32A00DFCBEB /* example.scnassets */; };
		0285F7F7208A82B900A7B463 /* AppDelegate.m in Sources */ = {isa = PBXBuildFile; fileRef = 0285F7F6208A82B900A7B463 /* AppDelegate.m */; };
		0285F7FD208A82B900A7B463 /* Main.storyboard in Resources */ = {isa = PBXBuildFile; fileRef = 0285F7FB208A82B900A7B463 /* Main.storyboard */; };
		0285F7FF208A82B900A7B463 /* Assets.xcassets in Resources */ = {isa = PBXBuildFile; fileRef = 0285F7FE208A82B900A7B463 /* Assets.xcassets */; };
		0285F802208A82B900A7B463 /* LaunchScreen.storyboard in Resources */ = {isa = PBXBuildFile; fileRef = 0285F800208A82B900A7B463 /* LaunchScreen.storyboard */; };
		0285F805208A82B900A7B463 /* main.m in Sources */ = {isa = PBXBuildFile; fileRef = 0285F804208A82B900A7B463 /* main.m */; };
		0285F810208A834200A7B463 /* MainViewController.m in Sources */ = {isa = PBXBuildFile; fileRef = 0285F80D208A834100A7B463 /* MainViewController.m */; };
		0285F811208A834200A7B463 /* GoogleService-Info.plist in Resources */ = {isa = PBXBuildFile; fileRef = 0285F80F208A834200A7B463 /* GoogleService-Info.plist */; };
		4F03739D20BEFB5D00316F67 /* Room.m in Sources */ = {isa = PBXBuildFile; fileRef = 4F03739C20BEFB5D00316F67 /* Room.m */; };
		4F0373A020BF089E00316F67 /* ARObject.m in Sources */ = {isa = PBXBuildFile; fileRef = 4F03739F20BF089E00316F67 /* ARObject.m */; };
		4F17276620D0385E00EF0E9F /* Security.framework in Frameworks */ = {isa = PBXBuildFile; fileRef = 4F17276520D0385E00EF0E9F /* Security.framework */; };
		4F2EC6DD2110B592000C9259 /* ARMenuViewController.m in Sources */ = {isa = PBXBuildFile; fileRef = 4F2EC6DC2110B592000C9259 /* ARMenuViewController.m */; };
		4F3EB0C920FD28E5003D6F1F /* ARCollectionViewController.m in Sources */ = {isa = PBXBuildFile; fileRef = 4F3EB0C820FD28E5003D6F1F /* ARCollectionViewController.m */; };
		4F50B62221065EBB005A54B6 /* Socket.m in Sources */ = {isa = PBXBuildFile; fileRef = 4F50B62121065EBB005A54B6 /* Socket.m */; };
		4F72F0A0210114E40072DFE9 /* ARCollectionViewCell.m in Sources */ = {isa = PBXBuildFile; fileRef = 4F72F09F210114E40072DFE9 /* ARCollectionViewCell.m */; };
		4FDA2D9420D471D6003A927E /* LoginViewController.m in Sources */ = {isa = PBXBuildFile; fileRef = 4FDA2D9320D471D6003A927E /* LoginViewController.m */; };
		4FDA2D9720D476FF003A927E /* GreetViewController.m in Sources */ = {isa = PBXBuildFile; fileRef = 4FDA2D9620D476FF003A927E /* GreetViewController.m */; };
		4FDA2D9A20D47719003A927E /* JoinViewController.m in Sources */ = {isa = PBXBuildFile; fileRef = 4FDA2D9920D47719003A927E /* JoinViewController.m */; };
		4FDA2DA220D98F9E003A927E /* NavigationViewController.m in Sources */ = {isa = PBXBuildFile; fileRef = 4FDA2DA120D98F9E003A927E /* NavigationViewController.m */; };
		4FDA2DA520D9DFF8003A927E /* MenuViewController.m in Sources */ = {isa = PBXBuildFile; fileRef = 4FDA2DA420D9DFF8003A927E /* MenuViewController.m */; };
		6A2DD3411BC3870179C47309 /* Pods_ARtGallery.framework in Frameworks */ = {isa = PBXBuildFile; fileRef = 6E47A0ADD69E1312D9774582 /* Pods_ARtGallery.framework */; };
/* End PBXBuildFile section */

/* Begin PBXFileReference section */
		02797975208FD32A00DFCBEB /* example.scnassets */ = {isa = PBXFileReference; lastKnownFileType = wrapper.scnassets; path = example.scnassets; sourceTree = "<group>"; };
		0285F7F2208A82B900A7B463 /* ARtGallery.app */ = {isa = PBXFileReference; explicitFileType = wrapper.application; includeInIndex = 0; path = ARtGallery.app; sourceTree = BUILT_PRODUCTS_DIR; };
		0285F7F5208A82B900A7B463 /* AppDelegate.h */ = {isa = PBXFileReference; lastKnownFileType = sourcecode.c.h; path = AppDelegate.h; sourceTree = "<group>"; };
		0285F7F6208A82B900A7B463 /* AppDelegate.m */ = {isa = PBXFileReference; lastKnownFileType = sourcecode.c.objc; path = AppDelegate.m; sourceTree = "<group>"; };
		0285F7FC208A82B900A7B463 /* Base */ = {isa = PBXFileReference; lastKnownFileType = file.storyboard; name = Base; path = Base.lproj/Main.storyboard; sourceTree = "<group>"; };
		0285F7FE208A82B900A7B463 /* Assets.xcassets */ = {isa = PBXFileReference; lastKnownFileType = folder.assetcatalog; path = Assets.xcassets; sourceTree = "<group>"; };
		0285F801208A82B900A7B463 /* Base */ = {isa = PBXFileReference; lastKnownFileType = file.storyboard; name = Base; path = Base.lproj/LaunchScreen.storyboard; sourceTree = "<group>"; };
		0285F803208A82B900A7B463 /* Info.plist */ = {isa = PBXFileReference; lastKnownFileType = text.plist.xml; path = Info.plist; sourceTree = "<group>"; };
		0285F804208A82B900A7B463 /* main.m */ = {isa = PBXFileReference; lastKnownFileType = sourcecode.c.objc; path = main.m; sourceTree = "<group>"; };
		0285F80D208A834100A7B463 /* MainViewController.m */ = {isa = PBXFileReference; fileEncoding = 4; lastKnownFileType = sourcecode.c.objc; path = MainViewController.m; sourceTree = "<group>"; };
		0285F80E208A834200A7B463 /* MainViewController.h */ = {isa = PBXFileReference; fileEncoding = 4; lastKnownFileType = sourcecode.c.h; path = MainViewController.h; sourceTree = "<group>"; };
		0285F80F208A834200A7B463 /* GoogleService-Info.plist */ = {isa = PBXFileReference; fileEncoding = 4; lastKnownFileType = text.plist.xml; path = "GoogleService-Info.plist"; sourceTree = "<group>"; };
		06AA38AC71652E04D47E7D79 /* Pods-ARtGallery.release.xcconfig */ = {isa = PBXFileReference; includeInIndex = 1; lastKnownFileType = text.xcconfig; name = "Pods-ARtGallery.release.xcconfig"; path = "Pods/Target Support Files/Pods-ARtGallery/Pods-ARtGallery.release.xcconfig"; sourceTree = "<group>"; };
		084CC6794D52F7BC5769CFAD /* Pods-CloudAnchorExample.release.xcconfig */ = {isa = PBXFileReference; includeInIndex = 1; lastKnownFileType = text.xcconfig; name = "Pods-CloudAnchorExample.release.xcconfig"; path = "Pods/Target Support Files/Pods-CloudAnchorExample/Pods-CloudAnchorExample.release.xcconfig"; sourceTree = "<group>"; };
		4F03739B20BEFB5D00316F67 /* Room.h */ = {isa = PBXFileReference; lastKnownFileType = sourcecode.c.h; path = Room.h; sourceTree = "<group>"; };
		4F03739C20BEFB5D00316F67 /* Room.m */ = {isa = PBXFileReference; lastKnownFileType = sourcecode.c.objc; path = Room.m; sourceTree = "<group>"; };
		4F03739E20BF089E00316F67 /* ARObject.h */ = {isa = PBXFileReference; lastKnownFileType = sourcecode.c.h; path = ARObject.h; sourceTree = "<group>"; };
		4F03739F20BF089E00316F67 /* ARObject.m */ = {isa = PBXFileReference; lastKnownFileType = sourcecode.c.objc; path = ARObject.m; sourceTree = "<group>"; };
		4F17276520D0385E00EF0E9F /* Security.framework */ = {isa = PBXFileReference; lastKnownFileType = wrapper.framework; name = Security.framework; path = System/Library/Frameworks/Security.framework; sourceTree = SDKROOT; };
		4F2EC6DB2110B592000C9259 /* ARMenuViewController.h */ = {isa = PBXFileReference; lastKnownFileType = sourcecode.c.h; path = ARMenuViewController.h; sourceTree = "<group>"; };
		4F2EC6DC2110B592000C9259 /* ARMenuViewController.m */ = {isa = PBXFileReference; lastKnownFileType = sourcecode.c.objc; path = ARMenuViewController.m; sourceTree = "<group>"; };
		4F3EB0C720FD28E5003D6F1F /* ARCollectionViewController.h */ = {isa = PBXFileReference; lastKnownFileType = sourcecode.c.h; path = ARCollectionViewController.h; sourceTree = "<group>"; };
		4F3EB0C820FD28E5003D6F1F /* ARCollectionViewController.m */ = {isa = PBXFileReference; lastKnownFileType = sourcecode.c.objc; path = ARCollectionViewController.m; sourceTree = "<group>"; };
		4F50B62021065EBA005A54B6 /* Socket.h */ = {isa = PBXFileReference; lastKnownFileType = sourcecode.c.h; path = Socket.h; sourceTree = "<group>"; };
		4F50B62121065EBB005A54B6 /* Socket.m */ = {isa = PBXFileReference; lastKnownFileType = sourcecode.c.objc; path = Socket.m; sourceTree = "<group>"; };
		4F72F09E210114E40072DFE9 /* ARCollectionViewCell.h */ = {isa = PBXFileReference; lastKnownFileType = sourcecode.c.h; path = ARCollectionViewCell.h; sourceTree = "<group>"; };
		4F72F09F210114E40072DFE9 /* ARCollectionViewCell.m */ = {isa = PBXFileReference; lastKnownFileType = sourcecode.c.objc; path = ARCollectionViewCell.m; sourceTree = "<group>"; };
		4FDA2D9220D471D6003A927E /* LoginViewController.h */ = {isa = PBXFileReference; lastKnownFileType = sourcecode.c.h; path = LoginViewController.h; sourceTree = "<group>"; };
		4FDA2D9320D471D6003A927E /* LoginViewController.m */ = {isa = PBXFileReference; lastKnownFileType = sourcecode.c.objc; path = LoginViewController.m; sourceTree = "<group>"; };
		4FDA2D9520D476FF003A927E /* GreetViewController.h */ = {isa = PBXFileReference; lastKnownFileType = sourcecode.c.h; path = GreetViewController.h; sourceTree = "<group>"; };
		4FDA2D9620D476FF003A927E /* GreetViewController.m */ = {isa = PBXFileReference; lastKnownFileType = sourcecode.c.objc; path = GreetViewController.m; sourceTree = "<group>"; };
		4FDA2D9820D47719003A927E /* JoinViewController.h */ = {isa = PBXFileReference; lastKnownFileType = sourcecode.c.h; path = JoinViewController.h; sourceTree = "<group>"; };
		4FDA2D9920D47719003A927E /* JoinViewController.m */ = {isa = PBXFileReference; lastKnownFileType = sourcecode.c.objc; path = JoinViewController.m; sourceTree = "<group>"; };
		4FDA2DA020D98F9E003A927E /* NavigationViewController.h */ = {isa = PBXFileReference; lastKnownFileType = sourcecode.c.h; path = NavigationViewController.h; sourceTree = "<group>"; };
		4FDA2DA120D98F9E003A927E /* NavigationViewController.m */ = {isa = PBXFileReference; lastKnownFileType = sourcecode.c.objc; path = NavigationViewController.m; sourceTree = "<group>"; };
		4FDA2DA320D9DFF8003A927E /* MenuViewController.h */ = {isa = PBXFileReference; lastKnownFileType = sourcecode.c.h; path = MenuViewController.h; sourceTree = "<group>"; };
		4FDA2DA420D9DFF8003A927E /* MenuViewController.m */ = {isa = PBXFileReference; lastKnownFileType = sourcecode.c.objc; path = MenuViewController.m; sourceTree = "<group>"; };
		61F9E7B651EF06410CCEF64C /* Pods-ARtGallery.debug.xcconfig */ = {isa = PBXFileReference; includeInIndex = 1; lastKnownFileType = text.xcconfig; name = "Pods-ARtGallery.debug.xcconfig"; path = "Pods/Target Support Files/Pods-ARtGallery/Pods-ARtGallery.debug.xcconfig"; sourceTree = "<group>"; };
		6E47A0ADD69E1312D9774582 /* Pods_ARtGallery.framework */ = {isa = PBXFileReference; explicitFileType = wrapper.framework; includeInIndex = 0; path = Pods_ARtGallery.framework; sourceTree = BUILT_PRODUCTS_DIR; };
		9520C75C7C4D3ACF4F7A3A24 /* Pods-CloudAnchorExample.debug.xcconfig */ = {isa = PBXFileReference; includeInIndex = 1; lastKnownFileType = text.xcconfig; name = "Pods-CloudAnchorExample.debug.xcconfig"; path = "Pods/Target Support Files/Pods-CloudAnchorExample/Pods-CloudAnchorExample.debug.xcconfig"; sourceTree = "<group>"; };
/* End PBXFileReference section */

/* Begin PBXFrameworksBuildPhase section */
		0285F7EF208A82B900A7B463 /* Frameworks */ = {
			isa = PBXFrameworksBuildPhase;
			buildActionMask = 2147483647;
			files = (
				4F17276620D0385E00EF0E9F /* Security.framework in Frameworks */,
				6A2DD3411BC3870179C47309 /* Pods_ARtGallery.framework in Frameworks */,
			);
			runOnlyForDeploymentPostprocessing = 0;
		};
/* End PBXFrameworksBuildPhase section */

/* Begin PBXGroup section */
		0285F7E9208A82B900A7B463 = {
			isa = PBXGroup;
			children = (
				0285F7F4208A82B900A7B463 /* ARtGallery */,
				0285F7F3208A82B900A7B463 /* Products */,
				5A1E3347CAAFAAF684FFC1E8 /* Pods */,
				72E0C2BDA4A5C5C29CB98AED /* Frameworks */,
			);
			sourceTree = "<group>";
		};
		0285F7F3208A82B900A7B463 /* Products */ = {
			isa = PBXGroup;
			children = (
				0285F7F2208A82B900A7B463 /* ARtGallery.app */,
			);
			name = Products;
			sourceTree = "<group>";
		};
		0285F7F4208A82B900A7B463 /* ARtGallery */ = {
			isa = PBXGroup;
			children = (
				4F50B62521065F47005A54B6 /* Core */,
				4F50B62421065EEA005A54B6 /* UIClasses */,
				02797975208FD32A00DFCBEB /* example.scnassets */,
				0285F80F208A834200A7B463 /* GoogleService-Info.plist */,
				0285F7F5208A82B900A7B463 /* AppDelegate.h */,
				0285F7F6208A82B900A7B463 /* AppDelegate.m */,
				0285F7FB208A82B900A7B463 /* Main.storyboard */,
				0285F7FE208A82B900A7B463 /* Assets.xcassets */,
				0285F800208A82B900A7B463 /* LaunchScreen.storyboard */,
				0285F803208A82B900A7B463 /* Info.plist */,
				0285F804208A82B900A7B463 /* main.m */,
			);
			path = ARtGallery;
			sourceTree = "<group>";
		};
		4F2EC6D6210D1A12000C9259 /* Main */ = {
			isa = PBXGroup;
			children = (
				4FDA2DA320D9DFF8003A927E /* MenuViewController.h */,
				4FDA2DA420D9DFF8003A927E /* MenuViewController.m */,
				4F3EB0C720FD28E5003D6F1F /* ARCollectionViewController.h */,
				4F3EB0C820FD28E5003D6F1F /* ARCollectionViewController.m */,
				4F72F09E210114E40072DFE9 /* ARCollectionViewCell.h */,
				4F72F09F210114E40072DFE9 /* ARCollectionViewCell.m */,
				0285F80E208A834200A7B463 /* MainViewController.h */,
				0285F80D208A834100A7B463 /* MainViewController.m */,
				4FDA2DA020D98F9E003A927E /* NavigationViewController.h */,
				4FDA2DA120D98F9E003A927E /* NavigationViewController.m */,
				4F2EC6DB2110B592000C9259 /* ARMenuViewController.h */,
				4F2EC6DC2110B592000C9259 /* ARMenuViewController.m */,
			);
			path = Main;
			sourceTree = "<group>";
		};
		4F2EC6D7210D1A23000C9259 /* Login */ = {
			isa = PBXGroup;
			children = (
				4FDA2D9220D471D6003A927E /* LoginViewController.h */,
				4FDA2D9320D471D6003A927E /* LoginViewController.m */,
				4FDA2D9520D476FF003A927E /* GreetViewController.h */,
				4FDA2D9620D476FF003A927E /* GreetViewController.m */,
				4FDA2D9820D47719003A927E /* JoinViewController.h */,
				4FDA2D9920D47719003A927E /* JoinViewController.m */,
			);
			path = Login;
			sourceTree = "<group>";
		};
		4F50B62421065EEA005A54B6 /* UIClasses */ = {
			isa = PBXGroup;
			children = (
				4F2EC6D7210D1A23000C9259 /* Login */,
				4F2EC6D6210D1A12000C9259 /* Main */,
			);
			path = UIClasses;
			sourceTree = "<group>";
		};
		4F50B62521065F47005A54B6 /* Core */ = {
			isa = PBXGroup;
			children = (
				4F03739B20BEFB5D00316F67 /* Room.h */,
				4F03739C20BEFB5D00316F67 /* Room.m */,
				4F03739E20BF089E00316F67 /* ARObject.h */,
				4F03739F20BF089E00316F67 /* ARObject.m */,
				4F50B62021065EBA005A54B6 /* Socket.h */,
				4F50B62121065EBB005A54B6 /* Socket.m */,
			);
			path = Core;
			sourceTree = "<group>";
		};
		5A1E3347CAAFAAF684FFC1E8 /* Pods */ = {
			isa = PBXGroup;
			children = (
				9520C75C7C4D3ACF4F7A3A24 /* Pods-CloudAnchorExample.debug.xcconfig */,
				084CC6794D52F7BC5769CFAD /* Pods-CloudAnchorExample.release.xcconfig */,
				61F9E7B651EF06410CCEF64C /* Pods-ARtGallery.debug.xcconfig */,
				06AA38AC71652E04D47E7D79 /* Pods-ARtGallery.release.xcconfig */,
			);
			name = Pods;
			sourceTree = "<group>";
		};
		72E0C2BDA4A5C5C29CB98AED /* Frameworks */ = {
			isa = PBXGroup;
			children = (
				4F17276520D0385E00EF0E9F /* Security.framework */,
				6E47A0ADD69E1312D9774582 /* Pods_ARtGallery.framework */,
			);
			name = Frameworks;
			sourceTree = "<group>";
		};
/* End PBXGroup section */

/* Begin PBXNativeTarget section */
		0285F7F1208A82B900A7B463 /* ARtGallery */ = {
			isa = PBXNativeTarget;
			buildConfigurationList = 0285F808208A82B900A7B463 /* Build configuration list for PBXNativeTarget "ARtGallery" */;
			buildPhases = (
				674D407722176AB5127F4B8F /* [CP] Check Pods Manifest.lock */,
				0285F7EE208A82B900A7B463 /* Sources */,
				0285F7EF208A82B900A7B463 /* Frameworks */,
				0285F7F0208A82B900A7B463 /* Resources */,
				7F00B32E3CAB8589F1DE950C /* [CP] Copy Pods Resources */,
				9BDBB48FB3A206B611950D92 /* [CP] Embed Pods Frameworks */,
			);
			buildRules = (
			);
			dependencies = (
			);
			name = ARtGallery;
			productName = CloudAnchorExample;
			productReference = 0285F7F2208A82B900A7B463 /* ARtGallery.app */;
			productType = "com.apple.product-type.application";
		};
/* End PBXNativeTarget section */

/* Begin PBXProject section */
		0285F7EA208A82B900A7B463 /* Project object */ = {
			isa = PBXProject;
			attributes = {
				LastUpgradeCheck = 0940;
				TargetAttributes = {
					0285F7F1208A82B900A7B463 = {
						CreatedOnToolsVersion = 9.2;
						ProvisioningStyle = Automatic;
					};
				};
			};
			buildConfigurationList = 0285F7ED208A82B900A7B463 /* Build configuration list for PBXProject "ARtGallery" */;
			compatibilityVersion = "Xcode 8.0";
			developmentRegion = en;
			hasScannedForEncodings = 0;
			knownRegions = (
				en,
				Base,
			);
			mainGroup = 0285F7E9208A82B900A7B463;
			productRefGroup = 0285F7F3208A82B900A7B463 /* Products */;
			projectDirPath = "";
			projectRoot = "";
			targets = (
				0285F7F1208A82B900A7B463 /* ARtGallery */,
			);
		};
/* End PBXProject section */

/* Begin PBXResourcesBuildPhase section */
		0285F7F0208A82B900A7B463 /* Resources */ = {
			isa = PBXResourcesBuildPhase;
			buildActionMask = 2147483647;
			files = (
				02797976208FD32A00DFCBEB /* example.scnassets in Resources */,
				0285F802208A82B900A7B463 /* LaunchScreen.storyboard in Resources */,
				0285F811208A834200A7B463 /* GoogleService-Info.plist in Resources */,
				0285F7FF208A82B900A7B463 /* Assets.xcassets in Resources */,
				0285F7FD208A82B900A7B463 /* Main.storyboard in Resources */,
			);
			runOnlyForDeploymentPostprocessing = 0;
		};
/* End PBXResourcesBuildPhase section */

/* Begin PBXShellScriptBuildPhase section */
		674D407722176AB5127F4B8F /* [CP] Check Pods Manifest.lock */ = {
			isa = PBXShellScriptBuildPhase;
			buildActionMask = 2147483647;
			files = (
			);
			inputPaths = (
				"${PODS_PODFILE_DIR_PATH}/Podfile.lock",
				"${PODS_ROOT}/Manifest.lock",
			);
			name = "[CP] Check Pods Manifest.lock";
			outputPaths = (
				"$(DERIVED_FILE_DIR)/Pods-ARtGallery-checkManifestLockResult.txt",
			);
			runOnlyForDeploymentPostprocessing = 0;
			shellPath = /bin/sh;
			shellScript = "diff \"${PODS_PODFILE_DIR_PATH}/Podfile.lock\" \"${PODS_ROOT}/Manifest.lock\" > /dev/null\nif [ $? != 0 ] ; then\n    # print error to STDERR\n    echo \"error: The sandbox is not in sync with the Podfile.lock. Run 'pod install' or update your CocoaPods installation.\" >&2\n    exit 1\nfi\n# This output is used by Xcode 'outputs' to avoid re-running this script phase.\necho \"SUCCESS\" > \"${SCRIPT_OUTPUT_FILE_0}\"\n";
			showEnvVarsInLog = 0;
		};
		7F00B32E3CAB8589F1DE950C /* [CP] Copy Pods Resources */ = {
			isa = PBXShellScriptBuildPhase;
			buildActionMask = 2147483647;
			files = (
			);
			inputPaths = (
				"${SRCROOT}/Pods/Target Support Files/Pods-ARtGallery/Pods-ARtGallery-resources.sh",
				"${PODS_CONFIGURATION_BUILD_DIR}/ARCore/ARCoreResources.bundle",
			);
			name = "[CP] Copy Pods Resources";
			outputPaths = (
				"${TARGET_BUILD_DIR}/${UNLOCALIZED_RESOURCES_FOLDER_PATH}/ARCoreResources.bundle",
			);
			runOnlyForDeploymentPostprocessing = 0;
			shellPath = /bin/sh;
			shellScript = "\"${SRCROOT}/Pods/Target Support Files/Pods-ARtGallery/Pods-ARtGallery-resources.sh\"\n";
			showEnvVarsInLog = 0;
		};
		9BDBB48FB3A206B611950D92 /* [CP] Embed Pods Frameworks */ = {
			isa = PBXShellScriptBuildPhase;
			buildActionMask = 2147483647;
			files = (
			);
			inputPaths = (
				"${SRCROOT}/Pods/Target Support Files/Pods-ARtGallery/Pods-ARtGallery-frameworks.sh",
				"${BUILT_PRODUCTS_DIR}/GTMSessionFetcher/GTMSessionFetcher.framework",
				"${BUILT_PRODUCTS_DIR}/GoogleToolboxForMac/GoogleToolboxForMac.framework",
				"${BUILT_PRODUCTS_DIR}/Protobuf/Protobuf.framework",
				"${BUILT_PRODUCTS_DIR}/RNCryptor-objc/RNCryptor_objc.framework",
				"${BUILT_PRODUCTS_DIR}/Socket.IO-Client-Swift/SocketIO.framework",
				"${BUILT_PRODUCTS_DIR}/Starscream/Starscream.framework",
				"${BUILT_PRODUCTS_DIR}/leveldb-library/leveldb.framework",
				"${BUILT_PRODUCTS_DIR}/nanopb/nanopb.framework",
			);
			name = "[CP] Embed Pods Frameworks";
			outputPaths = (
				"${TARGET_BUILD_DIR}/${FRAMEWORKS_FOLDER_PATH}/GTMSessionFetcher.framework",
				"${TARGET_BUILD_DIR}/${FRAMEWORKS_FOLDER_PATH}/GoogleToolboxForMac.framework",
				"${TARGET_BUILD_DIR}/${FRAMEWORKS_FOLDER_PATH}/Protobuf.framework",
				"${TARGET_BUILD_DIR}/${FRAMEWORKS_FOLDER_PATH}/RNCryptor_objc.framework",
				"${TARGET_BUILD_DIR}/${FRAMEWORKS_FOLDER_PATH}/SocketIO.framework",
				"${TARGET_BUILD_DIR}/${FRAMEWORKS_FOLDER_PATH}/Starscream.framework",
				"${TARGET_BUILD_DIR}/${FRAMEWORKS_FOLDER_PATH}/leveldb.framework",
				"${TARGET_BUILD_DIR}/${FRAMEWORKS_FOLDER_PATH}/nanopb.framework",
			);
			runOnlyForDeploymentPostprocessing = 0;
			shellPath = /bin/sh;
			shellScript = "\"${SRCROOT}/Pods/Target Support Files/Pods-ARtGallery/Pods-ARtGallery-frameworks.sh\"\n";
			showEnvVarsInLog = 0;
		};
/* End PBXShellScriptBuildPhase section */

/* Begin PBXSourcesBuildPhase section */
		0285F7EE208A82B900A7B463 /* Sources */ = {
			isa = PBXSourcesBuildPhase;
			buildActionMask = 2147483647;
			files = (
				4F0373A020BF089E00316F67 /* ARObject.m in Sources */,
				4FDA2DA220D98F9E003A927E /* NavigationViewController.m in Sources */,
				4F2EC6DD2110B592000C9259 /* ARMenuViewController.m in Sources */,
				0285F810208A834200A7B463 /* MainViewController.m in Sources */,
				4FDA2D9420D471D6003A927E /* LoginViewController.m in Sources */,
				0285F805208A82B900A7B463 /* main.m in Sources */,
				4FDA2D9720D476FF003A927E /* GreetViewController.m in Sources */,
				4F03739D20BEFB5D00316F67 /* Room.m in Sources */,
				4FDA2D9A20D47719003A927E /* JoinViewController.m in Sources */,
				4F50B62221065EBB005A54B6 /* Socket.m in Sources */,
				0285F7F7208A82B900A7B463 /* AppDelegate.m in Sources */,
				4F3EB0C920FD28E5003D6F1F /* ARCollectionViewController.m in Sources */,
				4FDA2DA520D9DFF8003A927E /* MenuViewController.m in Sources */,
				4F72F0A0210114E40072DFE9 /* ARCollectionViewCell.m in Sources */,
			);
			runOnlyForDeploymentPostprocessing = 0;
		};
/* End PBXSourcesBuildPhase section */

/* Begin PBXVariantGroup section */
		0285F7FB208A82B900A7B463 /* Main.storyboard */ = {
			isa = PBXVariantGroup;
			children = (
				0285F7FC208A82B900A7B463 /* Base */,
			);
			name = Main.storyboard;
			sourceTree = "<group>";
		};
		0285F800208A82B900A7B463 /* LaunchScreen.storyboard */ = {
			isa = PBXVariantGroup;
			children = (
				0285F801208A82B900A7B463 /* Base */,
			);
			name = LaunchScreen.storyboard;
			sourceTree = "<group>";
		};
/* End PBXVariantGroup section */

/* Begin XCBuildConfiguration section */
		0285F806208A82B900A7B463 /* Debug */ = {
			isa = XCBuildConfiguration;
			buildSettings = {
				ALWAYS_SEARCH_USER_PATHS = NO;
				CLANG_ANALYZER_NONNULL = YES;
				CLANG_ANALYZER_NUMBER_OBJECT_CONVERSION = YES_AGGRESSIVE;
				CLANG_CXX_LANGUAGE_STANDARD = "gnu++14";
				CLANG_CXX_LIBRARY = "libc++";
				CLANG_ENABLE_MODULES = YES;
				CLANG_ENABLE_OBJC_ARC = YES;
				CLANG_WARN_BLOCK_CAPTURE_AUTORELEASING = YES;
				CLANG_WARN_BOOL_CONVERSION = YES;
				CLANG_WARN_COMMA = YES;
				CLANG_WARN_CONSTANT_CONVERSION = YES;
				CLANG_WARN_DEPRECATED_OBJC_IMPLEMENTATIONS = YES;
				CLANG_WARN_DIRECT_OBJC_ISA_USAGE = YES_ERROR;
				CLANG_WARN_DOCUMENTATION_COMMENTS = YES;
				CLANG_WARN_EMPTY_BODY = YES;
				CLANG_WARN_ENUM_CONVERSION = YES;
				CLANG_WARN_INFINITE_RECURSION = YES;
				CLANG_WARN_INT_CONVERSION = YES;
				CLANG_WARN_NON_LITERAL_NULL_CONVERSION = YES;
				CLANG_WARN_OBJC_IMPLICIT_RETAIN_SELF = YES;
				CLANG_WARN_OBJC_LITERAL_CONVERSION = YES;
				CLANG_WARN_OBJC_ROOT_CLASS = YES_ERROR;
				CLANG_WARN_RANGE_LOOP_ANALYSIS = YES;
				CLANG_WARN_STRICT_PROTOTYPES = YES;
				CLANG_WARN_SUSPICIOUS_MOVE = YES;
				CLANG_WARN_UNGUARDED_AVAILABILITY = YES_AGGRESSIVE;
				CLANG_WARN_UNREACHABLE_CODE = YES;
				CLANG_WARN__DUPLICATE_METHOD_MATCH = YES;
				CODE_SIGN_IDENTITY = "iPhone Developer";
				COPY_PHASE_STRIP = YES;
				DEBUG_INFORMATION_FORMAT = dwarf;
				ENABLE_STRICT_OBJC_MSGSEND = YES;
				ENABLE_TESTABILITY = YES;
				GCC_C_LANGUAGE_STANDARD = gnu11;
				GCC_DYNAMIC_NO_PIC = NO;
				GCC_NO_COMMON_BLOCKS = YES;
				GCC_OPTIMIZATION_LEVEL = 0;
				GCC_PREPROCESSOR_DEFINITIONS = (
					"DEBUG=1",
					"$(inherited)",
				);
				GCC_WARN_64_TO_32_BIT_CONVERSION = YES;
				GCC_WARN_ABOUT_RETURN_TYPE = YES_ERROR;
				GCC_WARN_UNDECLARED_SELECTOR = YES;
				GCC_WARN_UNINITIALIZED_AUTOS = YES_AGGRESSIVE;
				GCC_WARN_UNUSED_FUNCTION = YES;
				GCC_WARN_UNUSED_VARIABLE = YES;
				IPHONEOS_DEPLOYMENT_TARGET = 11.2;
				MTL_ENABLE_DEBUG_INFO = YES;
				ONLY_ACTIVE_ARCH = YES;
				SDKROOT = iphoneos;
			};
			name = Debug;
		};
		0285F807208A82B900A7B463 /* Release */ = {
			isa = XCBuildConfiguration;
			buildSettings = {
				ALWAYS_SEARCH_USER_PATHS = NO;
				CLANG_ANALYZER_NONNULL = YES;
				CLANG_ANALYZER_NUMBER_OBJECT_CONVERSION = YES_AGGRESSIVE;
				CLANG_CXX_LANGUAGE_STANDARD = "gnu++14";
				CLANG_CXX_LIBRARY = "libc++";
				CLANG_ENABLE_MODULES = YES;
				CLANG_ENABLE_OBJC_ARC = YES;
				CLANG_WARN_BLOCK_CAPTURE_AUTORELEASING = YES;
				CLANG_WARN_BOOL_CONVERSION = YES;
				CLANG_WARN_COMMA = YES;
				CLANG_WARN_CONSTANT_CONVERSION = YES;
				CLANG_WARN_DEPRECATED_OBJC_IMPLEMENTATIONS = YES;
				CLANG_WARN_DIRECT_OBJC_ISA_USAGE = YES_ERROR;
				CLANG_WARN_DOCUMENTATION_COMMENTS = YES;
				CLANG_WARN_EMPTY_BODY = YES;
				CLANG_WARN_ENUM_CONVERSION = YES;
				CLANG_WARN_INFINITE_RECURSION = YES;
				CLANG_WARN_INT_CONVERSION = YES;
				CLANG_WARN_NON_LITERAL_NULL_CONVERSION = YES;
				CLANG_WARN_OBJC_IMPLICIT_RETAIN_SELF = YES;
				CLANG_WARN_OBJC_LITERAL_CONVERSION = YES;
				CLANG_WARN_OBJC_ROOT_CLASS = YES_ERROR;
				CLANG_WARN_RANGE_LOOP_ANALYSIS = YES;
				CLANG_WARN_STRICT_PROTOTYPES = YES;
				CLANG_WARN_SUSPICIOUS_MOVE = YES;
				CLANG_WARN_UNGUARDED_AVAILABILITY = YES_AGGRESSIVE;
				CLANG_WARN_UNREACHABLE_CODE = YES;
				CLANG_WARN__DUPLICATE_METHOD_MATCH = YES;
				CODE_SIGN_IDENTITY = "iPhone Developer";
				COPY_PHASE_STRIP = YES;
				DEBUG_INFORMATION_FORMAT = "dwarf-with-dsym";
				ENABLE_NS_ASSERTIONS = NO;
				ENABLE_STRICT_OBJC_MSGSEND = YES;
				GCC_C_LANGUAGE_STANDARD = gnu11;
				GCC_NO_COMMON_BLOCKS = YES;
				GCC_WARN_64_TO_32_BIT_CONVERSION = YES;
				GCC_WARN_ABOUT_RETURN_TYPE = YES_ERROR;
				GCC_WARN_UNDECLARED_SELECTOR = YES;
				GCC_WARN_UNINITIALIZED_AUTOS = YES_AGGRESSIVE;
				GCC_WARN_UNUSED_FUNCTION = YES;
				GCC_WARN_UNUSED_VARIABLE = YES;
				IPHONEOS_DEPLOYMENT_TARGET = 11.2;
				MTL_ENABLE_DEBUG_INFO = NO;
				SDKROOT = iphoneos;
				VALIDATE_PRODUCT = YES;
			};
			name = Release;
		};
		0285F809208A82B900A7B463 /* Debug */ = {
			isa = XCBuildConfiguration;
			baseConfigurationReference = 61F9E7B651EF06410CCEF64C /* Pods-ARtGallery.debug.xcconfig */;
			buildSettings = {
				ALWAYS_EMBED_SWIFT_STANDARD_LIBRARIES = YES;
				ASSETCATALOG_COMPILER_APPICON_NAME = AppIcon;
				CODE_SIGN_IDENTITY = "iPhone Developer";
				"CODE_SIGN_IDENTITY[sdk=iphoneos*]" = "iPhone Developer";
				CODE_SIGN_STYLE = Automatic;
				DEVELOPMENT_TEAM = MLFS2H9MA4;
				INFOPLIST_FILE = ARtGallery/Info.plist;
				IPHONEOS_DEPLOYMENT_TARGET = 11.0;
				LD_RUNPATH_SEARCH_PATHS = "$(inherited) @executable_path/Frameworks";
				PRODUCT_BUNDLE_IDENTIFIER = com.jacqueline.artgallery;
				PRODUCT_NAME = "$(TARGET_NAME)";
				PROVISIONING_PROFILE_SPECIFIER = "";
				TARGETED_DEVICE_FAMILY = "1,2";
			};
			name = Debug;
		};
		0285F80A208A82B900A7B463 /* Release */ = {
			isa = XCBuildConfiguration;
			baseConfigurationReference = 06AA38AC71652E04D47E7D79 /* Pods-ARtGallery.release.xcconfig */;
			buildSettings = {
				ALWAYS_EMBED_SWIFT_STANDARD_LIBRARIES = YES;
				ASSETCATALOG_COMPILER_APPICON_NAME = AppIcon;
				CODE_SIGN_IDENTITY = "iPhone Developer";
				"CODE_SIGN_IDENTITY[sdk=iphoneos*]" = "iPhone Developer";
				CODE_SIGN_STYLE = Automatic;
				DEVELOPMENT_TEAM = MLFS2H9MA4;
				INFOPLIST_FILE = ARtGallery/Info.plist;
				IPHONEOS_DEPLOYMENT_TARGET = 11.0;
				LD_RUNPATH_SEARCH_PATHS = "$(inherited) @executable_path/Frameworks";
				PRODUCT_BUNDLE_IDENTIFIER = com.jacqueline.artgallery;
				PRODUCT_NAME = "$(TARGET_NAME)";
				PROVISIONING_PROFILE_SPECIFIER = "";
				TARGETED_DEVICE_FAMILY = "1,2";
			};
			name = Release;
		};
/* End XCBuildConfiguration section */

/* Begin XCConfigurationList section */
		0285F7ED208A82B900A7B463 /* Build configuration list for PBXProject "ARtGallery" */ = {
			isa = XCConfigurationList;
			buildConfigurations = (
				0285F806208A82B900A7B463 /* Debug */,
				0285F807208A82B900A7B463 /* Release */,
			);
			defaultConfigurationIsVisible = 0;
			defaultConfigurationName = Release;
		};
		0285F808208A82B900A7B463 /* Build configuration list for PBXNativeTarget "ARtGallery" */ = {
			isa = XCConfigurationList;
			buildConfigurations = (
				0285F809208A82B900A7B463 /* Debug */,
				0285F80A208A82B900A7B463 /* Release */,
			);
			defaultConfigurationIsVisible = 0;
			defaultConfigurationName = Release;
		};
/* End XCConfigurationList section */
	};
	rootObject = 0285F7EA208A82B900A7B463 /* Project object */;
}
